{
  "version": 4,
  "terraform_version": "1.9.2",
  "serial": 1,
  "lineage": "8cc4d274-0f21-78ef-d2a3-ffc7b511903c",
  "outputs": {},
  "resources": [
    {
      "mode": "managed",
      "type": "helm_release",
      "name": "my_app",
      "provider": "provider[\"registry.terraform.io/hashicorp/helm\"]",
      "instances": [
        {
          "schema_version": 1,
          "attributes": {
            "atomic": false,
            "chart": "../helm/my-app",
            "cleanup_on_fail": false,
            "create_namespace": false,
            "dependency_update": false,
            "description": null,
            "devel": null,
            "disable_crd_hooks": false,
            "disable_openapi_validation": false,
            "disable_webhooks": false,
            "force_update": false,
            "id": "my-app",
            "keyring": null,
            "lint": false,
            "manifest": null,
            "max_history": 0,
            "metadata": [
              {
                "app_version": "1.16.0",
                "chart": "my-app",
                "name": "my-app",
                "namespace": "default",
                "revision": 1,
                "values": "{\"configData\":{\"initStrings\":\"INSERT INTO strings (content) VALUES\\n('BARCELONA'),\\n('MC'),\\n('RM'),\\n('MU');\\n\"},\"cronjob\":{\"schedule\":\"*/2 * * * *\"},\"image\":{\"pullPolicy\":\"IfNotPresent\",\"repository\":\"denchikkarate/app\",\"tag\":\"v2.3\"},\"ingress\":{\"enabled\":true,\"host\":\"myapp.local\"},\"persistence\":{\"accessMode\":\"ReadWriteOnce\",\"enabled\":true,\"size\":\"1Gi\",\"storageClass\":\"\"},\"postgres\":{\"database\":\"mydatabase\",\"host\":\"postgres\",\"image\":{\"repository\":\"denchikkarate/my-db\",\"tag\":\"latest\"},\"password\":\"mypassword\",\"username\":\"myuser\"},\"replicaCount\":1,\"service\":{\"nodePort\":30001,\"port\":80,\"type\":\"NodePort\"}}",
                "version": "0.1.0"
              }
            ],
            "name": "my-app",
            "namespace": "default",
            "pass_credentials": false,
            "postrender": [],
            "recreate_pods": false,
            "render_subchart_notes": true,
            "replace": false,
            "repository": null,
            "repository_ca_file": null,
            "repository_cert_file": null,
            "repository_key_file": null,
            "repository_password": null,
            "repository_username": null,
            "reset_values": false,
            "reuse_values": false,
            "set": [],
            "set_list": [],
            "set_sensitive": [],
            "skip_crds": false,
            "status": "deployed",
            "timeout": 300,
            "values": [
              "replicaCount: 1\n\nimage:\n  repository: denchikkarate/app\n  tag: v2.3\n  pullPolicy: IfNotPresent\n\npostgres:\n  image:\n    repository: denchikkarate/my-db\n    tag: latest\n  host: postgres\n  username: myuser\n  password: mypassword\n  database: mydatabase\n\ncronjob:\n  schedule: \"*/2 * * * *\"\n\nservice:\n  type: NodePort\n  port: 80\n  nodePort: 30001\n\ningress:\n  enabled: true\n  host: myapp.local\n\npersistence:\n  enabled: true\n  storageClass: \"\"\n  accessMode: ReadWriteOnce\n  size: 1Gi\n\nconfigData:\n  initStrings: |\n    INSERT INTO strings (content) VALUES\n    ('BARCELONA'),\n    ('MC'),\n    ('RM'),\n    ('MU');\n"
            ],
            "verify": false,
            "version": "0.1.0",
            "wait": true,
            "wait_for_jobs": false
          },
          "sensitive_attributes": [
            [
              {
                "type": "get_attr",
                "value": "repository_password"
              }
            ]
          ],
          "private": "eyJzY2hlbWFfdmVyc2lvbiI6IjEifQ=="
        }
      ]
    }
  ],
  "check_results": null
}
